
Microsoft Visual Studio Solution File, Format Version 12.00
# Visual Studio Version 17
VisualStudioVersion = 17.8.34330.188
MinimumVisualStudioVersion = 10.0.40219.1
Project("{9A19103F-16F7-4668-BE54-9A1E7A4F7556}") = "ApiProyectoFinal_Coderhouse", "ApiProyectoFinal - Coderhouse\ApiProyectoFinal_Coderhouse.csproj", "{D2CEB5E1-B668-4E2C-A7A0-1AA9DFBBA48B}"
EndProject
Global
	GlobalSection(SolutionConfigurationPlatforms) = preSolution
		Debug|Any CPU = Debug|Any CPU
		Release|Any CPU = Release|Any CPU
	EndGlobalSection
	GlobalSection(ProjectConfigurationPlatforms) = postSolution
		{D2CEB5E1-B668-4E2C-A7A0-1AA9DFBBA48B}.Debug|Any CPU.ActiveCfg = Debug|Any CPU
		{D2CEB5E1-B668-4E2C-A7A0-1AA9DFBBA48B}.Debug|Any CPU.Build.0 = Debug|Any CPU
		{D2CEB5E1-B668-4E2C-A7A0-1AA9DFBBA48B}.Release|Any CPU.ActiveCfg = Release|Any CPU
		{D2CEB5E1-B668-4E2C-A7A0-1AA9DFBBA48B}.Release|Any CPU.Build.0 = Release|Any CPU
	EndGlobalSection
	GlobalSection(SolutionProperties) = preSolution
		HideSolutionNode = FALSE
	EndGlobalSection
	GlobalSection(ExtensibilityGlobals) = postSolution
		SolutionGuid = {D090E19B-030D-4952-813B-A9321CF43430}
	EndGlobalSection
EndGlobal
